
Microsoft Visual Studio Solution File, Format Version 12.00
# Visual Studio Version 16
VisualStudioVersion = 16.0.31321.278
MinimumVisualStudioVersion = 10.0.40219.1
Project("{FAE04EC0-301F-11D3-BF4B-00C04F79EFBC}") = "tren1_Plekhankov", "tren1_Plekhankov\tren1_Plekhankov.csproj", "{354077A7-30FF-4FD0-AFD6-4EB80CCB73CD}"
EndProject
Global
	GlobalSection(SolutionConfigurationPlatforms) = preSolution
		Debug|Any CPU = Debug|Any CPU
		Release|Any CPU = Release|Any CPU
	EndGlobalSection
	GlobalSection(ProjectConfigurationPlatforms) = postSolution
		{354077A7-30FF-4FD0-AFD6-4EB80CCB73CD}.Debug|Any CPU.ActiveCfg = Debug|Any CPU
		{354077A7-30FF-4FD0-AFD6-4EB80CCB73CD}.Debug|Any CPU.Build.0 = Debug|Any CPU
		{354077A7-30FF-4FD0-AFD6-4EB80CCB73CD}.Release|Any CPU.ActiveCfg = Release|Any CPU
		{354077A7-30FF-4FD0-AFD6-4EB80CCB73CD}.Release|Any CPU.Build.0 = Release|Any CPU
	EndGlobalSection
	GlobalSection(SolutionProperties) = preSolution
		HideSolutionNode = FALSE
	EndGlobalSection
	GlobalSection(ExtensibilityGlobals) = postSolution
		SolutionGuid = {789B175B-92C6-4DA4-BFDA-6C467E9D1761}
	EndGlobalSection
EndGlobal
